{
  "lockfileVersion": 1,
  "configVersion": 0,
  "workspaces": {
    "": {
      "devDependencies": {
        "funtypes": "5.1.1",
        "solc": "0.8.33",
        "tsx": "4.19.3",
        "typescript": "5.8.2",
        "viem": "2.38.3",
      },
    },
  },
  "packages": {
    "@adraffy/ens-normalize": ["@adraffy/ens-normalize@1.11.1", "", {}, ""],

    "@esbuild/win32-x64": ["@esbuild/win32-x64@0.25.1", "", { "os": "win32", "cpu": "x64" }, ""],

    "@noble/ciphers": ["@noble/ciphers@1.3.0", "", {}, ""],

    "@noble/curves": ["@noble/curves@1.9.1", "", { "dependencies": { "@noble/hashes": "1.8.0" } }, ""],

    "@noble/hashes": ["@noble/hashes@1.8.0", "", {}, ""],

    "@scure/base": ["@scure/base@1.2.6", "", {}, ""],

    "@scure/bip32": ["@scure/bip32@1.7.0", "", { "dependencies": { "@noble/curves": "~1.9.0", "@noble/hashes": "~1.8.0", "@scure/base": "~1.2.5" } }, ""],

    "@scure/bip39": ["@scure/bip39@1.6.0", "", { "dependencies": { "@noble/hashes": "~1.8.0", "@scure/base": "~1.2.5" } }, ""],

    "abitype": ["abitype@1.1.0", "", { "peerDependencies": { "typescript": ">=5.0.4", "zod": "^3.22.0 || ^4.0.0" }, "optionalPeers": ["zod"] }, ""],

    "command-exists": ["command-exists@1.2.9", "", {}, ""],

    "commander": ["commander@8.3.0", "", {}, ""],

    "esbuild": ["esbuild@0.25.1", "", { "optionalDependencies": { "@esbuild/win32-x64": "0.25.1" }, "bin": "bin/esbuild" }, ""],

    "eventemitter3": ["eventemitter3@5.0.1", "", {}, ""],

    "follow-redirects": ["follow-redirects@1.15.9", "", {}, ""],

    "funtypes": ["funtypes@5.1.1", "", {}, ""],

    "get-tsconfig": ["get-tsconfig@4.10.0", "", { "dependencies": { "resolve-pkg-maps": "^1.0.0" } }, ""],

    "isows": ["isows@1.0.7", "", { "peerDependencies": { "ws": "*" } }, ""],

    "js-sha3": ["js-sha3@0.8.0", "", {}, ""],

    "memorystream": ["memorystream@0.3.1", "", {}, ""],

    "os-tmpdir": ["os-tmpdir@1.0.2", "", {}, ""],

    "ox": ["ox@0.9.6", "", { "dependencies": { "@adraffy/ens-normalize": "^1.11.0", "@noble/ciphers": "^1.3.0", "@noble/curves": "1.9.1", "@noble/hashes": "^1.8.0", "@scure/bip32": "^1.7.0", "@scure/bip39": "^1.6.0", "abitype": "^1.0.9", "eventemitter3": "5.0.1" }, "peerDependencies": { "typescript": ">=5.4.0" } }, ""],

    "resolve-pkg-maps": ["resolve-pkg-maps@1.0.0", "", {}, ""],

    "semver": ["semver@5.7.2", "", { "bin": "bin/semver" }, ""],

    "solc": ["solc@0.8.33", "", { "dependencies": { "command-exists": "^1.2.8", "commander": "^8.1.0", "follow-redirects": "^1.12.1", "js-sha3": "0.8.0", "memorystream": "^0.3.1", "semver": "^5.5.0", "tmp": "0.0.33" }, "bin": { "solcjs": "solc.js" } }, ""],

    "tmp": ["tmp@0.0.33", "", { "dependencies": { "os-tmpdir": "~1.0.2" } }, ""],

    "tsx": ["tsx@4.19.3", "", { "dependencies": { "esbuild": "~0.25.0", "get-tsconfig": "^4.7.5" }, "bin": "dist/cli.mjs" }, ""],

    "typescript": ["typescript@5.8.2", "", { "bin": { "tsc": "bin/tsc", "tsserver": "bin/tsserver" } }, ""],

    "viem": ["viem@2.38.3", "", { "dependencies": { "@noble/curves": "1.9.1", "@noble/hashes": "1.8.0", "@scure/bip32": "1.7.0", "@scure/bip39": "1.6.0", "abitype": "1.1.0", "isows": "1.0.7", "ox": "0.9.6", "ws": "8.18.3" }, "peerDependencies": { "typescript": ">=5.0.4" } }, ""],

    "ws": ["ws@8.18.3", "", { "peerDependencies": { "bufferutil": "^4.0.1", "utf-8-validate": ">=5.0.2" }, "optionalPeers": ["bufferutil", "utf-8-validate"] }, ""],
  }
}
