{
  "lockfileVersion": 1,
  "configVersion": 1,
  "workspaces": {
    "": {
      "name": "@zoltar/shared",
      "dependencies": {
        "@noble/hashes": "2.2.0",
        "micro-eth-signer": "0.18.1",
      },
    },
  },
  "packages": {
    "@noble/curves": ["@noble/curves@2.2.0", "", { "dependencies": { "@noble/hashes": "2.2.0" } }, "sha512-T/BoHgFXirb0ENSPBquzX0rcjXeM6Lo892a2jlYJkqk83LqZx0l1Of7DzlKJ6jkpvMrkHSnAcgb5JegL8SeIkQ=="],

    "@noble/hashes": ["@noble/hashes@2.2.0", "", {}, "sha512-IYqDGiTXab6FniAgnSdZwgWbomxpy9FtYvLKs7wCUs2a8RkITG+DFGO1DM9cr+E3/RgADRpFjrKVaJ1z6sjtEg=="],

    "@scure/base": ["@scure/base@2.0.0", "", {}, "sha512-3E1kpuZginKkek01ovG8krQ0Z44E3DHPjc5S2rjJw9lZn3KSQOs8S7wqikF/AH7iRanHypj85uGyxk0XAyC37w=="],

    "micro-eth-signer": ["micro-eth-signer@0.18.1", "", { "dependencies": { "@noble/curves": "^2.0.0", "@noble/hashes": "^2.0.0", "micro-packed": "^0.8.0" } }, "sha512-vXKhCZxrytpl+dXR9JeaE41ZVFndi7wCKc1Jd22smOMAeDErvRcXaTxhYUf1yQxis4n2kIdv/pH7iuf+5/cj+Q=="],

    "micro-packed": ["micro-packed@0.8.0", "", { "dependencies": { "@scure/base": "2.0.0" } }, "sha512-AKb8znIvg9sooythbXzyFeChEY0SkW0C6iXECpy/ls0e5BtwXO45J9wD9SLzBztnS4XmF/5kwZknsq+jyynd/A=="],
  }
}
